// !$*UTF8*$!
{
	archiveVersion = 1;
	classes = {
	};
	objectVersion = 77;
	objects = {

/* Begin PBXContainerItemProxy section */
		12BAD64A2D6B505B00FA640F /* PBXContainerItemProxy */ = {
			isa = PBXContainerItemProxy;
			containerPortal = 12BAD6312D6B505900FA640F /* Project object */;
			proxyType = 1;
			remoteGlobalIDString = 12BAD6382D6B505900FA640F;
			remoteInfo = SwiftUISerisi;
		};
		12BAD6542D6B505B00FA640F /* PBXContainerItemProxy */ = {
			isa = PBXContainerItemProxy;
			containerPortal = 12BAD6312D6B505900FA640F /* Project object */;
			proxyType = 1;
			remoteGlobalIDString = 12BAD6382D6B505900FA640F;
			remoteInfo = SwiftUISerisi;
		};
/* End PBXContainerItemProxy section */

/* Begin PBXFileReference section */
		12BAD6392D6B505900FA640F /* SwiftUISerisi.app */ = {isa = PBXFileReference; explicitFileType = wrapper.application; includeInIndex = 0; path = SwiftUISerisi.app; sourceTree = BUILT_PRODUCTS_DIR; };
		12BAD6492D6B505B00FA640F /* SwiftUISerisiTests.xctest */ = {isa = PBXFileReference; explicitFileType = wrapper.cfbundle; includeInIndex = 0; path = SwiftUISerisiTests.xctest; sourceTree = BUILT_PRODUCTS_DIR; };
		12BAD6532D6B505B00FA640F /* SwiftUISerisiUITests.xctest */ = {isa = PBXFileReference; explicitFileType = wrapper.cfbundle; includeInIndex = 0; path = SwiftUISerisiUITests.xctest; sourceTree = BUILT_PRODUCTS_DIR; };
/* End PBXFileReference section */

/* Begin PBXFileSystemSynchronizedRootGroup section */
		12BAD63B2D6B505900FA640F /* SwiftUISerisi */ = {
			isa = PBXFileSystemSynchronizedRootGroup;
			path = SwiftUISerisi;
			sourceTree = "<group>";
		};
		12BAD64C2D6B505B00FA640F /* SwiftUISerisiTests */ = {
			isa = PBXFileSystemSynchronizedRootGroup;
			path = SwiftUISerisiTests;
			sourceTree = "<group>";
		};
		12BAD6562D6B505B00FA640F /* SwiftUISerisiUITests */ = {
			isa = PBXFileSystemSynchronizedRootGroup;
			path = SwiftUISerisiUITests;
			sourceTree = "<group>";
		};
/* End PBXFileSystemSynchronizedRootGroup section */

/* Begin PBXFrameworksBuildPhase section */
		12BAD6362D6B505900FA640F /* Frameworks */ = {
			isa = PBXFrameworksBuildPhase;
			buildActionMask = 2147483647;
			files = (
			);
			runOnlyForDeploymentPostprocessing = 0;
		};
		12BAD6462D6B505B00FA640F /* Frameworks */ = {
			isa = PBXFrameworksBuildPhase;
			buildActionMask = 2147483647;
			files = (
			);
			runOnlyForDeploymentPostprocessing = 0;
		};
		12BAD6502D6B505B00FA640F /* Frameworks */ = {
			isa = PBXFrameworksBuildPhase;
			buildActionMask = 2147483647;
			files = (
			);
			runOnlyForDeploymentPostprocessing = 0;
		};
/* End PBXFrameworksBuildPhase section */

/* Begin PBXGroup section */
		12BAD6302D6B505900FA640F = {
			isa = PBXGroup;
			children = (
				12BAD63B2D6B505900FA640F /* SwiftUISerisi */,
				12BAD64C2D6B505B00FA640F /* SwiftUISerisiTests */,
				12BAD6562D6B505B00FA640F /* SwiftUISerisiUITests */,
				12BAD63A2D6B505900FA640F /* Products */,
			);
			sourceTree = "<group>";
		};
		12BAD63A2D6B505900FA640F /* Products */ = {
			isa = PBXGroup;
			children = (
				12BAD6392D6B505900FA640F /* SwiftUISerisi.app */,
				12BAD6492D6B505B00FA640F /* SwiftUISerisiTests.xctest */,
				12BAD6532D6B505B00FA640F /* SwiftUISerisiUITests.xctest */,
			);
			name = Products;
			sourceTree = "<group>";
		};
/* End PBXGroup section */

/* Begin PBXNativeTarget section */
		12BAD6382D6B505900FA640F /* SwiftUISerisi */ = {
			isa = PBXNativeTarget;
			buildConfigurationList = 12BAD65D2D6B505B00FA640F /* Build configuration list for PBXNativeTarget "SwiftUISerisi" */;
			buildPhases = (
				12BAD6352D6B505900FA640F /* Sources */,
				12BAD6362D6B505900FA640F /* Frameworks */,
				12BAD6372D6B505900FA640F /* Resources */,
			);
			buildRules = (
			);
			dependencies = (
			);
			fileSystemSynchronizedGroups = (
				12BAD63B2D6B505900FA640F /* SwiftUISerisi */,
			);
			name = SwiftUISerisi;
			packageProductDependencies = (
			);
			productName = SwiftUISerisi;
			productReference = 12BAD6392D6B505900FA640F /* SwiftUISerisi.app */;
			productType = "com.apple.product-type.application";
		};
		12BAD6482D6B505B00FA640F /* SwiftUISerisiTests */ = {
			isa = PBXNativeTarget;
			buildConfigurationList = 12BAD6602D6B505B00FA640F /* Build configuration list for PBXNativeTarget "SwiftUISerisiTests" */;
			buildPhases = (
				12BAD6452D6B505B00FA640F /* Sources */,
				12BAD6462D6B505B00FA640F /* Frameworks */,
				12BAD6472D6B505B00FA640F /* Resources */,
			);
			buildRules = (
			);
			dependencies = (
				12BAD64B2D6B505B00FA640F /* PBXTargetDependency */,
			);
			fileSystemSynchronizedGroups = (
				12BAD64C2D6B505B00FA640F /* SwiftUISerisiTests */,
			);
			name = SwiftUISerisiTests;
			packageProductDependencies = (
			);
			productName = SwiftUISerisiTests;
			productReference = 12BAD6492D6B505B00FA640F /* SwiftUISerisiTests.xctest */;
			productType = "com.apple.product-type.bundle.unit-test";
		};
		12BAD6522D6B505B00FA640F /* SwiftUISerisiUITests */ = {
			isa = PBXNativeTarget;
			buildConfigurationList = 12BAD6632D6B505B00FA640F /* Build configuration list for PBXNativeTarget "SwiftUISerisiUITests" */;
			buildPhases = (
				12BAD64F2D6B505B00FA640F /* Sources */,
				12BAD6502D6B505B00FA640F /* Frameworks */,
				12BAD6512D6B505B00FA640F /* Resources */,
			);
			buildRules = (
			);
			dependencies = (
				12BAD6552D6B505B00FA640F /* PBXTargetDependency */,
			);
			fileSystemSynchronizedGroups = (
				12BAD6562D6B505B00FA640F /* SwiftUISerisiUITests */,
			);
			name = SwiftUISerisiUITests;
			packageProductDependencies = (
			);
			productName = SwiftUISerisiUITests;
			productReference = 12BAD6532D6B505B00FA640F /* SwiftUISerisiUITests.xctest */;
			productType = "com.apple.product-type.bundle.ui-testing";
		};
/* End PBXNativeTarget section */

/* Begin PBXProject section */
		12BAD6312D6B505900FA640F /* Project object */ = {
			isa = PBXProject;
			attributes = {
				BuildIndependentTargetsInParallel = 1;
				LastSwiftUpdateCheck = 1620;
				LastUpgradeCheck = 1620;
				TargetAttributes = {
					12BAD6382D6B505900FA640F = {
						CreatedOnToolsVersion = 16.2;
					};
					12BAD6482D6B505B00FA640F = {
						CreatedOnToolsVersion = 16.2;
						TestTargetID = 12BAD6382D6B505900FA640F;
					};
					12BAD6522D6B505B00FA640F = {
						CreatedOnToolsVersion = 16.2;
						TestTargetID = 12BAD6382D6B505900FA640F;
					};
				};
			};
			buildConfigurationList = 12BAD6342D6B505900FA640F /* Build configuration list for PBXProject "SwiftUISerisi" */;
			developmentRegion = en;
			hasScannedForEncodings = 0;
			knownRegions = (
				en,
				Base,
			);
			mainGroup = 12BAD6302D6B505900FA640F;
			minimizedProjectReferenceProxies = 1;
			preferredProjectObjectVersion = 77;
			productRefGroup = 12BAD63A2D6B505900FA640F /* Products */;
			projectDirPath = "";
			projectRoot = "";
			targets = (
				12BAD6382D6B505900FA640F /* SwiftUISerisi */,
				12BAD6482D6B505B00FA640F /* SwiftUISerisiTests */,
				12BAD6522D6B505B00FA640F /* SwiftUISerisiUITests */,
			);
		};
/* End PBXProject section */

/* Begin PBXResourcesBuildPhase section */
		12BAD6372D6B505900FA640F /* Resources */ = {
			isa = PBXResourcesBuildPhase;
			buildActionMask = 2147483647;
			files = (
			);
			runOnlyForDeploymentPostprocessing = 0;
		};
		12BAD6472D6B505B00FA640F /* Resources */ = {
			isa = PBXResourcesBuildPhase;
			buildActionMask = 2147483647;
			files = (
			);
			runOnlyForDeploymentPostprocessing = 0;
		};
		12BAD6512D6B505B00FA640F /* Resources */ = {
			isa = PBXResourcesBuildPhase;
			buildActionMask = 2147483647;
			files = (
			);
			runOnlyForDeploymentPostprocessing = 0;
		};
/* End PBXResourcesBuildPhase section */

/* Begin PBXSourcesBuildPhase section */
		12BAD6352D6B505900FA640F /* Sources */ = {
			isa = PBXSourcesBuildPhase;
			buildActionMask = 2147483647;
			files = (
			);
			runOnlyForDeploymentPostprocessing = 0;
		};
		12BAD6452D6B505B00FA640F /* Sources */ = {
			isa = PBXSourcesBuildPhase;
			buildActionMask = 2147483647;
			files = (
			);
			runOnlyForDeploymentPostprocessing = 0;
		};
		12BAD64F2D6B505B00FA640F /* Sources */ = {
			isa = PBXSourcesBuildPhase;
			buildActionMask = 2147483647;
			files = (
			);
			runOnlyForDeploymentPostprocessing = 0;
		};
/* End PBXSourcesBuildPhase section */

/* Begin PBXTargetDependency section */
		12BAD64B2D6B505B00FA640F /* PBXTargetDependency */ = {
			isa = PBXTargetDependency;
			target = 12BAD6382D6B505900FA640F /* SwiftUISerisi */;
			targetProxy = 12BAD64A2D6B505B00FA640F /* PBXContainerItemProxy */;
		};
		12BAD6552D6B505B00FA640F /* PBXTargetDependency */ = {
			isa = PBXTargetDependency;
			target = 12BAD6382D6B505900FA640F /* SwiftUISerisi */;
			targetProxy = 12BAD6542D6B505B00FA640F /* PBXContainerItemProxy */;
		};
/* End PBXTargetDependency section */

/* Begin XCBuildConfiguration section */
		12BAD65B2D6B505B00FA640F /* Debug */ = {
			isa = XCBuildConfiguration;
			buildSettings = {
				ALWAYS_SEARCH_USER_PATHS = NO;
				ASSETCATALOG_COMPILER_GENERATE_SWIFT_ASSET_SYMBOL_EXTENSIONS = YES;
				CLANG_ANALYZER_NONNULL = YES;
				CLANG_ANALYZER_NUMBER_OBJECT_CONVERSION = YES_AGGRESSIVE;
				CLANG_CXX_LANGUAGE_STANDARD = "gnu++20";
				CLANG_ENABLE_MODULES = YES;
				CLANG_ENABLE_OBJC_ARC = YES;
				CLANG_ENABLE_OBJC_WEAK = YES;
				CLANG_WARN_BLOCK_CAPTURE_AUTORELEASING = YES;
				CLANG_WARN_BOOL_CONVERSION = YES;
				CLANG_WARN_COMMA = YES;
				CLANG_WARN_CONSTANT_CONVERSION = YES;
				CLANG_WARN_DEPRECATED_OBJC_IMPLEMENTATIONS = YES;
				CLANG_WARN_DIRECT_OBJC_ISA_USAGE = YES_ERROR;
				CLANG_WARN_DOCUMENTATION_COMMENTS = YES;
				CLANG_WARN_EMPTY_BODY = YES;
				CLANG_WARN_ENUM_CONVERSION = YES;
				CLANG_WARN_INFINITE_RECURSION = YES;
				CLANG_WARN_INT_CONVERSION = YES;
				CLANG_WARN_NON_LITERAL_NULL_CONVERSION = YES;
				CLANG_WARN_OBJC_IMPLICIT_RETAIN_SELF = YES;
				CLANG_WARN_OBJC_LITERAL_CONVERSION = YES;
				CLANG_WARN_OBJC_ROOT_CLASS = YES_ERROR;
				CLANG_WARN_QUOTED_INCLUDE_IN_FRAMEWORK_HEADER = YES;
				CLANG_WARN_RANGE_LOOP_ANALYSIS = YES;
				CLANG_WARN_STRICT_PROTOTYPES = YES;
				CLANG_WARN_SUSPICIOUS_MOVE = YES;
				CLANG_WARN_UNGUARDED_AVAILABILITY = YES_AGGRESSIVE;
				CLANG_WARN_UNREACHABLE_CODE = YES;
				CLANG_WARN__DUPLICATE_METHOD_MATCH = YES;
				COPY_PHASE_STRIP = NO;
				DEBUG_INFORMATION_FORMAT = dwarf;
				ENABLE_STRICT_OBJC_MSGSEND = YES;
				ENABLE_TESTABILITY = YES;
				ENABLE_USER_SCRIPT_SANDBOXING = YES;
				GCC_C_LANGUAGE_STANDARD = gnu17;
				GCC_DYNAMIC_NO_PIC = NO;
				GCC_NO_COMMON_BLOCKS = YES;
				GCC_OPTIMIZATION_LEVEL = 0;
				GCC_PREPROCESSOR_DEFINITIONS = (
					"DEBUG=1",
					"$(inherited)",
				);
				GCC_WARN_64_TO_32_BIT_CONVERSION = YES;
				GCC_WARN_ABOUT_RETURN_TYPE = YES_ERROR;
				GCC_WARN_UNDECLARED_SELECTOR = YES;
				GCC_WARN_UNINITIALIZED_AUTOS = YES_AGGRESSIVE;
				GCC_WARN_UNUSED_FUNCTION = YES;
				GCC_WARN_UNUSED_VARIABLE = YES;
				IPHONEOS_DEPLOYMENT_TARGET = 18.2;
				LOCALIZATION_PREFERS_STRING_CATALOGS = YES;
				MTL_ENABLE_DEBUG_INFO = INCLUDE_SOURCE;
				MTL_FAST_MATH = YES;
				ONLY_ACTIVE_ARCH = YES;
				SDKROOT = iphoneos;
				SWIFT_ACTIVE_COMPILATION_CONDITIONS = "DEBUG $(inherited)";
				SWIFT_OPTIMIZATION_LEVEL = "-Onone";
			};
			name = Debug;
		};
		12BAD65C2D6B505B00FA640F /* Release */ = {
			isa = XCBuildConfiguration;
			buildSettings = {
				ALWAYS_SEARCH_USER_PATHS = NO;
				ASSETCATALOG_COMPILER_GENERATE_SWIFT_ASSET_SYMBOL_EXTENSIONS = YES;
				CLANG_ANALYZER_NONNULL = YES;
				CLANG_ANALYZER_NUMBER_OBJECT_CONVERSION = YES_AGGRESSIVE;
				CLANG_CXX_LANGUAGE_STANDARD = "gnu++20";
				CLANG_ENABLE_MODULES = YES;
				CLANG_ENABLE_OBJC_ARC = YES;
				CLANG_ENABLE_OBJC_WEAK = YES;
				CLANG_WARN_BLOCK_CAPTURE_AUTORELEASING = YES;
				CLANG_WARN_BOOL_CONVERSION = YES;
				CLANG_WARN_COMMA = YES;
				CLANG_WARN_CONSTANT_CONVERSION = YES;
				CLANG_WARN_DEPRECATED_OBJC_IMPLEMENTATIONS = YES;
				CLANG_WARN_DIRECT_OBJC_ISA_USAGE = YES_ERROR;
				CLANG_WARN_DOCUMENTATION_COMMENTS = YES;
				CLANG_WARN_EMPTY_BODY = YES;
				CLANG_WARN_ENUM_CONVERSION = YES;
				CLANG_WARN_INFINITE_RECURSION = YES;
				CLANG_WARN_INT_CONVERSION = YES;
				CLANG_WARN_NON_LITERAL_NULL_CONVERSION = YES;
				CLANG_WARN_OBJC_IMPLICIT_RETAIN_SELF = YES;
				CLANG_WARN_OBJC_LITERAL_CONVERSION = YES;
				CLANG_WARN_OBJC_ROOT_CLASS = YES_ERROR;
				CLANG_WARN_QUOTED_INCLUDE_IN_FRAMEWORK_HEADER = YES;
				CLANG_WARN_RANGE_LOOP_ANALYSIS = YES;
				CLANG_WARN_STRICT_PROTOTYPES = YES;
				CLANG_WARN_SUSPICIOUS_MOVE = YES;
				CLANG_WARN_UNGUARDED_AVAILABILITY = YES_AGGRESSIVE;
				CLANG_WARN_UNREACHABLE_CODE = YES;
				CLANG_WARN__DUPLICATE_METHOD_MATCH = YES;
				COPY_PHASE_STRIP = NO;
				DEBUG_INFORMATION_FORMAT = "dwarf-with-dsym";
				ENABLE_NS_ASSERTIONS = NO;
				ENABLE_STRICT_OBJC_MSGSEND = YES;
				ENABLE_USER_SCRIPT_SANDBOXING = YES;
				GCC_C_LANGUAGE_STANDARD = gnu17;
				GCC_NO_COMMON_BLOCKS = YES;
				GCC_WARN_64_TO_32_BIT_CONVERSION = YES;
				GCC_WARN_ABOUT_RETURN_TYPE = YES_ERROR;
				GCC_WARN_UNDECLARED_SELECTOR = YES;
				GCC_WARN_UNINITIALIZED_AUTOS = YES_AGGRESSIVE;
				GCC_WARN_UNUSED_FUNCTION = YES;
				GCC_WARN_UNUSED_VARIABLE = YES;
				IPHONEOS_DEPLOYMENT_TARGET = 18.2;
				LOCALIZATION_PREFERS_STRING_CATALOGS = YES;
				MTL_ENABLE_DEBUG_INFO = NO;
				MTL_FAST_MATH = YES;
				SDKROOT = iphoneos;
				SWIFT_COMPILATION_MODE = wholemodule;
				VALIDATE_PRODUCT = YES;
			};
			name = Release;
		};
		12BAD65E2D6B505B00FA640F /* Debug */ = {
			isa = XCBuildConfiguration;
			buildSettings = {
				ASSETCATALOG_COMPILER_APPICON_NAME = AppIcon;
				ASSETCATALOG_COMPILER_GLOBAL_ACCENT_COLOR_NAME = AccentColor;
				CODE_SIGN_STYLE = Automatic;
				CURRENT_PROJECT_VERSION = 1;
				DEVELOPMENT_ASSET_PATHS = "\"SwiftUISerisi/Preview Content\"";
				ENABLE_PREVIEWS = YES;
				GENERATE_INFOPLIST_FILE = YES;
				INFOPLIST_KEY_CFBundleDisplayName = SwiftUI;
				INFOPLIST_KEY_UIApplicationSceneManifest_Generation = YES;
				INFOPLIST_KEY_UIApplicationSupportsIndirectInputEvents = YES;
				INFOPLIST_KEY_UILaunchScreen_Generation = YES;
				INFOPLIST_KEY_UISupportedInterfaceOrientations_iPad = "UIInterfaceOrientationPortrait UIInterfaceOrientationPortraitUpsideDown UIInterfaceOrientationLandscapeLeft UIInterfaceOrientationLandscapeRight";
				INFOPLIST_KEY_UISupportedInterfaceOrientations_iPhone = "UIInterfaceOrientationPortrait UIInterfaceOrientationLandscapeLeft UIInterfaceOrientationLandscapeRight";
				IPHONEOS_DEPLOYMENT_TARGET = 18.0;
				LD_RUNPATH_SEARCH_PATHS = (
					"$(inherited)",
					"@executable_path/Frameworks",
				);
				MARKETING_VERSION = 1.0;
				PRODUCT_BUNDLE_IDENTIFIER = com.tokucuahmet.SwiftUISerisi;
				PRODUCT_NAME = "$(TARGET_NAME)";
				SWIFT_EMIT_LOC_STRINGS = YES;
				SWIFT_VERSION = 5.0;
				TARGETED_DEVICE_FAMILY = "1,2";
			};
			name = Debug;
		};
		12BAD65F2D6B505B00FA640F /* Release */ = {
			isa = XCBuildConfiguration;
			buildSettings = {
				ASSETCATALOG_COMPILER_APPICON_NAME = AppIcon;
				ASSETCATALOG_COMPILER_GLOBAL_ACCENT_COLOR_NAME = AccentColor;
				CODE_SIGN_STYLE = Automatic;
				CURRENT_PROJECT_VERSION = 1;
				DEVELOPMENT_ASSET_PATHS = "\"SwiftUISerisi/Preview Content\"";
				ENABLE_PREVIEWS = YES;
				GENERATE_INFOPLIST_FILE = YES;
				INFOPLIST_KEY_CFBundleDisplayName = SwiftUI;
				INFOPLIST_KEY_UIApplicationSceneManifest_Generation = YES;
				INFOPLIST_KEY_UIApplicationSupportsIndirectInputEvents = YES;
				INFOPLIST_KEY_UILaunchScreen_Generation = YES;
				INFOPLIST_KEY_UISupportedInterfaceOrientations_iPad = "UIInterfaceOrientationPortrait UIInterfaceOrientationPortraitUpsideDown UIInterfaceOrientationLandscapeLeft UIInterfaceOrientationLandscapeRight";
				INFOPLIST_KEY_UISupportedInterfaceOrientations_iPhone = "UIInterfaceOrientationPortrait UIInterfaceOrientationLandscapeLeft UIInterfaceOrientationLandscapeRight";
				IPHONEOS_DEPLOYMENT_TARGET = 18.0;
				LD_RUNPATH_SEARCH_PATHS = (
					"$(inherited)",
					"@executable_path/Frameworks",
				);
				MARKETING_VERSION = 1.0;
				PRODUCT_BUNDLE_IDENTIFIER = com.tokucuahmet.SwiftUISerisi;
				PRODUCT_NAME = "$(TARGET_NAME)";
				SWIFT_EMIT_LOC_STRINGS = YES;
				SWIFT_VERSION = 5.0;
				TARGETED_DEVICE_FAMILY = "1,2";
			};
			name = Release;
		};
		12BAD6612D6B505B00FA640F /* Debug */ = {
			isa = XCBuildConfiguration;
			buildSettings = {
				BUNDLE_LOADER = "$(TEST_HOST)";
				CODE_SIGN_STYLE = Automatic;
				CURRENT_PROJECT_VERSION = 1;
				GENERATE_INFOPLIST_FILE = YES;
				IPHONEOS_DEPLOYMENT_TARGET = 18.2;
				MARKETING_VERSION = 1.0;
				PRODUCT_BUNDLE_IDENTIFIER = com.tokucuahmet.SwiftUISerisiTests;
				PRODUCT_NAME = "$(TARGET_NAME)";
				SWIFT_EMIT_LOC_STRINGS = NO;
				SWIFT_VERSION = 5.0;
				TARGETED_DEVICE_FAMILY = "1,2";
				TEST_HOST = "$(BUILT_PRODUCTS_DIR)/SwiftUISerisi.app/$(BUNDLE_EXECUTABLE_FOLDER_PATH)/SwiftUISerisi";
			};
			name = Debug;
		};
		12BAD6622D6B505B00FA640F /* Release */ = {
			isa = XCBuildConfiguration;
			buildSettings = {
				BUNDLE_LOADER = "$(TEST_HOST)";
				CODE_SIGN_STYLE = Automatic;
				CURRENT_PROJECT_VERSION = 1;
				GENERATE_INFOPLIST_FILE = YES;
				IPHONEOS_DEPLOYMENT_TARGET = 18.2;
				MARKETING_VERSION = 1.0;
				PRODUCT_BUNDLE_IDENTIFIER = com.tokucuahmet.SwiftUISerisiTests;
				PRODUCT_NAME = "$(TARGET_NAME)";
				SWIFT_EMIT_LOC_STRINGS = NO;
				SWIFT_VERSION = 5.0;
				TARGETED_DEVICE_FAMILY = "1,2";
				TEST_HOST = "$(BUILT_PRODUCTS_DIR)/SwiftUISerisi.app/$(BUNDLE_EXECUTABLE_FOLDER_PATH)/SwiftUISerisi";
			};
			name = Release;
		};
		12BAD6642D6B505B00FA640F /* Debug */ = {
			isa = XCBuildConfiguration;
			buildSettings = {
				CODE_SIGN_STYLE = Automatic;
				CURRENT_PROJECT_VERSION = 1;
				GENERATE_INFOPLIST_FILE = YES;
				MARKETING_VERSION = 1.0;
				PRODUCT_BUNDLE_IDENTIFIER = com.tokucuahmet.SwiftUISerisiUITests;
				PRODUCT_NAME = "$(TARGET_NAME)";
				SWIFT_EMIT_LOC_STRINGS = NO;
				SWIFT_VERSION = 5.0;
				TARGETED_DEVICE_FAMILY = "1,2";
				TEST_TARGET_NAME = SwiftUISerisi;
			};
			name = Debug;
		};
		12BAD6652D6B505B00FA640F /* Release */ = {
			isa = XCBuildConfiguration;
			buildSettings = {
				CODE_SIGN_STYLE = Automatic;
				CURRENT_PROJECT_VERSION = 1;
				GENERATE_INFOPLIST_FILE = YES;
				MARKETING_VERSION = 1.0;
				PRODUCT_BUNDLE_IDENTIFIER = com.tokucuahmet.SwiftUISerisiUITests;
				PRODUCT_NAME = "$(TARGET_NAME)";
				SWIFT_EMIT_LOC_STRINGS = NO;
				SWIFT_VERSION = 5.0;
				TARGETED_DEVICE_FAMILY = "1,2";
				TEST_TARGET_NAME = SwiftUISerisi;
			};
			name = Release;
		};
/* End XCBuildConfiguration section */

/* Begin XCConfigurationList section */
		12BAD6342D6B505900FA640F /* Build configuration list for PBXProject "SwiftUISerisi" */ = {
			isa = XCConfigurationList;
			buildConfigurations = (
				12BAD65B2D6B505B00FA640F /* Debug */,
				12BAD65C2D6B505B00FA640F /* Release */,
			);
			defaultConfigurationIsVisible = 0;
			defaultConfigurationName = Release;
		};
		12BAD65D2D6B505B00FA640F /* Build configuration list for PBXNativeTarget "SwiftUISerisi" */ = {
			isa = XCConfigurationList;
			buildConfigurations = (
				12BAD65E2D6B505B00FA640F /* Debug */,
				12BAD65F2D6B505B00FA640F /* Release */,
			);
			defaultConfigurationIsVisible = 0;
			defaultConfigurationName = Release;
		};
		12BAD6602D6B505B00FA640F /* Build configuration list for PBXNativeTarget "SwiftUISerisiTests" */ = {
			isa = XCConfigurationList;
			buildConfigurations = (
				12BAD6612D6B505B00FA640F /* Debug */,
				12BAD6622D6B505B00FA640F /* Release */,
			);
			defaultConfigurationIsVisible = 0;
			defaultConfigurationName = Release;
		};
		12BAD6632D6B505B00FA640F /* Build configuration list for PBXNativeTarget "SwiftUISerisiUITests" */ = {
			isa = XCConfigurationList;
			buildConfigurations = (
				12BAD6642D6B505B00FA640F /* Debug */,
				12BAD6652D6B505B00FA640F /* Release */,
			);
			defaultConfigurationIsVisible = 0;
			defaultConfigurationName = Release;
		};
/* End XCConfigurationList section */
	};
	rootObject = 12BAD6312D6B505900FA640F /* Project object */;
}
